
Microsoft Visual Studio Solution File, Format Version 12.00
# Visual Studio Version 17
VisualStudioVersion = 17.3.32901.215
MinimumVisualStudioVersion = 10.0.40219.1
Project("{FAE04EC0-301F-11D3-BF4B-00C04F79EFBC}") = "LogsSite", "LogsSite\LogsSite.csproj", "{E61C8197-F704-49EE-B1B4-E70A179D748D}"
EndProject
Global
	GlobalSection(SolutionConfigurationPlatforms) = preSolution
		Debug|Any CPU = Debug|Any CPU
		Release|Any CPU = Release|Any CPU
	EndGlobalSection
	GlobalSection(ProjectConfigurationPlatforms) = postSolution
		{E61C8197-F704-49EE-B1B4-E70A179D748D}.Debug|Any CPU.ActiveCfg = Debug|Any CPU
		{E61C8197-F704-49EE-B1B4-E70A179D748D}.Debug|Any CPU.Build.0 = Debug|Any CPU
		{E61C8197-F704-49EE-B1B4-E70A179D748D}.Release|Any CPU.ActiveCfg = Release|Any CPU
		{E61C8197-F704-49EE-B1B4-E70A179D748D}.Release|Any CPU.Build.0 = Release|Any CPU
	EndGlobalSection
	GlobalSection(SolutionProperties) = preSolution
		HideSolutionNode = FALSE
	EndGlobalSection
	GlobalSection(ExtensibilityGlobals) = postSolution
		SolutionGuid = {B6FB01DC-F388-4902-951F-0C80BFD74C44}
	EndGlobalSection
EndGlobal
